{
  "version": 4,
  "terraform_version": "1.3.8",
  "serial": 81,
  "lineage": "d9b1fdce-9d05-d35b-36f1-b18d036f47a5",
  "outputs": {},
  "resources": [
    {
      "module": "module.jpercs001_migrateFromDev",
      "mode": "managed",
      "type": "genesyscloud_outbound_attempt_limit",
      "name": "Attempts_PROD",
      "provider": "provider[\"registry.terraform.io/mypurecloud/genesyscloud\"]",
      "instances": [
        {
          "schema_version": 1,
          "attributes": {
            "id": "b4713920-0eb9-43b7-940d-efbdc3dd3d7c",
            "max_attempts_per_contact": 3,
            "max_attempts_per_number": 3,
            "name": "Attempts_PROD",
            "recall_entries": [
              {
                "answering_machine": [],
                "busy": [
                  {
                    "minutes_between_attempts": 60,
                    "nbr_attempts": 2
                  }
                ],
                "fax": [],
                "no_answer": [
                  {
                    "minutes_between_attempts": 60,
                    "nbr_attempts": 2
                  }
                ]
              }
            ],
            "reset_period": "TODAY",
            "time_zone_id": "America/Phoenix"
          },
          "sensitive_attributes": [],
          "private": "eyJzY2hlbWFfdmVyc2lvbiI6IjEifQ=="
        }
      ]
    },
    {
      "module": "module.jpercs001_migrateFromDev",
      "mode": "managed",
      "type": "genesyscloud_outbound_callabletimeset",
      "name": "EUSA_-_Collections_PROD_3345388107",
      "provider": "provider[\"registry.terraform.io/mypurecloud/genesyscloud\"]",
      "instances": [
        {
          "schema_version": 1,
          "attributes": {
            "callable_times": [
              {
                "time_slots": [
                  {
                    "day": 1,
                    "start_time": "11:00:00",
                    "stop_time": "17:00:00"
                  },
                  {
                    "day": 2,
                    "start_time": "11:00:00",
                    "stop_time": "17:00:00"
                  },
                  {
                    "day": 3,
                    "start_time": "11:00:00",
                    "stop_time": "17:00:00"
                  },
                  {
                    "day": 4,
                    "start_time": "11:00:00",
                    "stop_time": "17:00:00"
                  },
                  {
                    "day": 5,
                    "start_time": "11:00:00",
                    "stop_time": "17:00:00"
                  }
                ],
                "time_zone_id": "America/Denver"
              }
            ],
            "id": "6a2d85f0-b11a-421a-bbb9-0829736e4ad7",
            "name": "EUSA - Collections_PROD"
          },
          "sensitive_attributes": [],
          "private": "eyJzY2hlbWFfdmVyc2lvbiI6IjEifQ=="
        }
      ]
    },
    {
      "module": "module.jpercs001_migrateFromDev",
      "mode": "managed",
      "type": "genesyscloud_outbound_callabletimeset",
      "name": "EUSA_-_High_Water_PROD_3985185501",
      "provider": "provider[\"registry.terraform.io/mypurecloud/genesyscloud\"]",
      "instances": [
        {
          "schema_version": 1,
          "attributes": {
            "callable_times": [
              {
                "time_slots": [
                  {
                    "day": 1,
                    "start_time": "11:00:00",
                    "stop_time": "17:00:00"
                  },
                  {
                    "day": 2,
                    "start_time": "11:00:00",
                    "stop_time": "17:00:00"
                  },
                  {
                    "day": 3,
                    "start_time": "11:00:00",
                    "stop_time": "17:00:00"
                  },
                  {
                    "day": 4,
                    "start_time": "11:00:00",
                    "stop_time": "17:00:00"
                  },
                  {
                    "day": 5,
                    "start_time": "11:00:00",
                    "stop_time": "17:00:00"
                  }
                ],
                "time_zone_id": "America/Denver"
              }
            ],
            "id": "8d032a4d-05cc-4e5a-a832-09532cafe41a",
            "name": "EUSA - High Water_PROD"
          },
          "sensitive_attributes": [],
          "private": "eyJzY2hlbWFfdmVyc2lvbiI6IjEifQ=="
        }
      ]
    },
    {
      "module": "module.jpercs001_migrateFromDev",
      "mode": "managed",
      "type": "genesyscloud_outbound_callanalysisresponseset",
      "name": "Collections_-_Call_Analysis_Response_2229861016",
      "provider": "provider[\"registry.terraform.io/mypurecloud/genesyscloud\"]",
      "instances": []
    },
    {
      "module": "module.jpercs001_migrateFromDev",
      "mode": "managed",
      "type": "genesyscloud_outbound_callanalysisresponseset",
      "name": "Collections_UAT_Call_Analysis_2754018488",
      "provider": "provider[\"registry.terraform.io/mypurecloud/genesyscloud\"]",
      "instances": []
    },
    {
      "module": "module.jpercs001_migrateFromDev",
      "mode": "managed",
      "type": "genesyscloud_outbound_callanalysisresponseset",
      "name": "Default_Response_Set_981040257",
      "provider": "provider[\"registry.terraform.io/mypurecloud/genesyscloud\"]",
      "instances": [
        {
          "schema_version": 1,
          "attributes": {
            "beep_detection_enabled": false,
            "id": "325b5c5f-2fb4-430d-b152-5f8618418425",
            "name": "Default Response Set",
            "responses": [
              {
                "callable_busy": [
                  {
                    "data": "",
                    "name": "",
                    "reaction_type": "hangup"
                  }
                ],
                "callable_disconnect": [
                  {
                    "data": "",
                    "name": "",
                    "reaction_type": "hangup"
                  }
                ],
                "callable_fax": [
                  {
                    "data": "",
                    "name": "",
                    "reaction_type": "hangup"
                  }
                ],
                "callable_lineconnected": [],
                "callable_machine": [
                  {
                    "data": "",
                    "name": "",
                    "reaction_type": "hangup"
                  }
                ],
                "callable_noanswer": [
                  {
                    "data": "",
                    "name": "",
                    "reaction_type": "hangup"
                  }
                ],
                "callable_person": [
                  {
                    "data": "",
                    "name": "",
                    "reaction_type": "transfer"
                  }
                ],
                "callable_sit": [
                  {
                    "data": "",
                    "name": "",
                    "reaction_type": "hangup"
                  }
                ],
                "uncallable_notfound": [
                  {
                    "data": "",
                    "name": "",
                    "reaction_type": "hangup"
                  }
                ],
                "uncallable_sit": [
                  {
                    "data": "",
                    "name": "",
                    "reaction_type": "hangup"
                  }
                ]
              }
            ]
          },
          "sensitive_attributes": [],
          "private": "eyJzY2hlbWFfdmVyc2lvbiI6IjEifQ=="
        }
      ]
    },
    {
      "module": "module.jpercs001_migrateFromDev",
      "mode": "managed",
      "type": "genesyscloud_outbound_callanalysisresponseset",
      "name": "High_Water_-_Call_Analysis_Response_2427016056",
      "provider": "provider[\"registry.terraform.io/mypurecloud/genesyscloud\"]",
      "instances": []
    },
    {
      "module": "module.jpercs001_migrateFromDev",
      "mode": "managed",
      "type": "genesyscloud_outbound_campaign",
      "name": "EUSA_-_Collections_PROD_3345388107",
      "provider": "provider[\"registry.terraform.io/mypurecloud/genesyscloud\"]",
      "instances": []
    },
    {
      "module": "module.jpercs001_migrateFromDev",
      "mode": "managed",
      "type": "genesyscloud_outbound_campaign",
      "name": "EUSA_-_High_Water_PROD_3985185501",
      "provider": "provider[\"registry.terraform.io/mypurecloud/genesyscloud\"]",
      "instances": []
    },
    {
      "module": "module.jpercs001_migrateFromDev",
      "mode": "managed",
      "type": "genesyscloud_outbound_campaign",
      "name": "EUSA_CollTest_Chris_UAT",
      "provider": "provider[\"registry.terraform.io/mypurecloud/genesyscloud\"]",
      "instances": []
    },
    {
      "module": "module.jpercs001_migrateFromDev",
      "mode": "managed",
      "type": "genesyscloud_outbound_campaign",
      "name": "EUSA_Collections_IST",
      "provider": "provider[\"registry.terraform.io/mypurecloud/genesyscloud\"]",
      "instances": []
    },
    {
      "module": "module.jpercs001_migrateFromDev",
      "mode": "managed",
      "type": "genesyscloud_outbound_campaign",
      "name": "EUSA_HighUsage_IST",
      "provider": "provider[\"registry.terraform.io/mypurecloud/genesyscloud\"]",
      "instances": []
    },
    {
      "module": "module.jpercs001_migrateFromDev",
      "mode": "managed",
      "type": "genesyscloud_outbound_contact_list",
      "name": "EUSA_-_Collections_PROD_3345388107",
      "provider": "provider[\"registry.terraform.io/mypurecloud/genesyscloud\"]",
      "instances": [
        {
          "schema_version": 1,
          "attributes": {
            "attempt_limit_id": null,
            "automatic_time_zone_mapping": true,
            "column_names": [
              "Client Id",
              "Alert Type",
              "Product Id",
              "Consumer Id",
              "Media Type",
              "Media Address",
              "Alert Hour Type Code",
              "Client Hour Type Code",
              "Customer First Name",
              "Customer Last Name",
              "Customer Address",
              "Customer City",
              "Customer State",
              "Customer Zip Code",
              "Last Payment Due Date",
              "Number Days Past Due",
              "Amount Due",
              "Authentication String",
              "Account Id",
              "Account Check Digit",
              "Total Amount Due",
              "Child Alert Type",
              "Alert ID",
              "Parent ID",
              "Alert Status",
              "Alert Result",
              "Terminal Check Point",
              "Date Alert Sent",
              "Time Alert Sent",
              "Time Zone",
              "Call Duration",
              "Transfer Result Indicator",
              "Transfer Phone Number",
              "Hold Duration",
              "Call Duration After Transfer",
              "Inbound Phone Number",
              "Attempt Number"
            ],
            "division_id": "5a8f02e1-9023-4ea2-bc31-70b21ac3e826",
            "email_columns": [],
            "id": "acbb0400-6102-4b26-b45e-26c3ca075274",
            "name": "EUSA - Collections_PROD",
            "phone_columns": [
              {
                "callable_time_column": "",
                "column_name": "Media Address",
                "type": "Daytime"
              }
            ],
            "preview_mode_accepted_values": null,
            "preview_mode_column_name": null,
            "zip_code_column_name": null
          },
          "sensitive_attributes": [],
          "private": "eyJzY2hlbWFfdmVyc2lvbiI6IjEifQ=="
        }
      ]
    },
    {
      "module": "module.jpercs001_migrateFromDev",
      "mode": "managed",
      "type": "genesyscloud_outbound_contact_list",
      "name": "EUSA_-_High_Water_PROD_3985185501",
      "provider": "provider[\"registry.terraform.io/mypurecloud/genesyscloud\"]",
      "instances": [
        {
          "schema_version": 1,
          "attributes": {
            "attempt_limit_id": null,
            "automatic_time_zone_mapping": true,
            "column_names": [
              "Client Id",
              "Alert Type",
              "Product Id",
              "Consumer Id",
              "Media Type",
              "Media Address",
              "Alert Hour Type Code",
              "Client Hour Type Code",
              "Customer First Name",
              "Customer Last Name",
              "Customer Address",
              "Customer City",
              "Customer State",
              "Customer Zip Code",
              "Last Payment Due Date",
              "Number Days Past Due",
              "Amount Due",
              "Authentication String",
              "Account Id",
              "Account Check Digit",
              "Total Amount Due",
              "Child Alert Type",
              "Alert ID",
              "Parent ID",
              "Alert Status",
              "Alert Result",
              "Terminal Check Point",
              "Date Alert Sent",
              "Time Alert Sent",
              "Time Zone",
              "Call Duration",
              "Transfer Result Indicator",
              "Transfer Phone Number",
              "Hold Duration",
              "Call Duration After Transfer",
              "Inbound Phone Number",
              "Attempt Number"
            ],
            "division_id": "5a8f02e1-9023-4ea2-bc31-70b21ac3e826",
            "email_columns": [],
            "id": "80e4b815-a369-4cea-b55c-a548346e8147",
            "name": "EUSA - High Water_PROD",
            "phone_columns": [
              {
                "callable_time_column": "",
                "column_name": "Media Address",
                "type": "Daytime"
              }
            ],
            "preview_mode_accepted_values": null,
            "preview_mode_column_name": null,
            "zip_code_column_name": null
          },
          "sensitive_attributes": [],
          "private": "eyJzY2hlbWFfdmVyc2lvbiI6IjEifQ=="
        }
      ]
    },
    {
      "module": "module.jpercs001_migrateFromDev",
      "mode": "managed",
      "type": "genesyscloud_outbound_contact_list",
      "name": "EUSA_CollTest_Chris",
      "provider": "provider[\"registry.terraform.io/mypurecloud/genesyscloud\"]",
      "instances": [
        {
          "schema_version": 1,
          "attributes": {
            "attempt_limit_id": "b4713920-0eb9-43b7-940d-efbdc3dd3d7c",
            "automatic_time_zone_mapping": false,
            "column_names": [
              "Client Id",
              "Alert Type",
              "Product Id",
              "Consumer Id",
              "Media Type",
              "Media Address",
              "Alert Hour Type Code",
              "Client Hour Type Code",
              "Customer First Name",
              "Customer Last Name",
              "Customer Address",
              "Customer City",
              "Customer State",
              "Customer Zip Code",
              "Last Payment Due Date",
              "Number Days Past Due",
              "Amount Due",
              "Authentication String",
              "Account Id",
              "Account Check Digit",
              "Total Amount Due",
              "Child Alert Type",
              "Alert ID",
              "Parent ID",
              "Alert Status",
              "Alert Result",
              "Terminal Check Point",
              "Date Alert Sent",
              "Time Alert Sent",
              "Time Zone",
              "Call Duration",
              "Transfer Result Indicator",
              "Transfer Phone Number",
              "Hold Duration",
              "Call Duration After Transfer",
              "Inbound Phone Number",
              "Attempt Number"
            ],
            "division_id": "5a8f02e1-9023-4ea2-bc31-70b21ac3e826",
            "email_columns": [],
            "id": "2b3abb53-d58b-43e8-90fc-f0b3a7375a40",
            "name": "EUSA_CollTest_Chris",
            "phone_columns": [
              {
                "callable_time_column": "",
                "column_name": "Media Address",
                "type": "Home"
              }
            ],
            "preview_mode_accepted_values": null,
            "preview_mode_column_name": null,
            "zip_code_column_name": null
          },
          "sensitive_attributes": [],
          "private": "eyJzY2hlbWFfdmVyc2lvbiI6IjEifQ==",
          "dependencies": [
            "module.jpercs001_migrateFromDev.genesyscloud_outbound_attempt_limit.Attempts_PROD"
          ]
        }
      ]
    },
    {
      "module": "module.jpercs001_migrateFromDev",
      "mode": "managed",
      "type": "genesyscloud_outbound_contact_list",
      "name": "EUSA_HV_UAT_Ryan3",
      "provider": "provider[\"registry.terraform.io/mypurecloud/genesyscloud\"]",
      "instances": [
        {
          "schema_version": 1,
          "attributes": {
            "attempt_limit_id": null,
            "automatic_time_zone_mapping": false,
            "column_names": [
              "Client Id",
              "Alert Type",
              "Product Id",
              "Consumer Id",
              "Media Type",
              "Media Address",
              "Alert Hour Type Code",
              "Client Hour Type Code",
              "Customer First Name",
              "Customer Last Name",
              "Customer Address",
              "Customer City",
              "Customer State",
              "Customer Zip Code",
              "Last Payment Due Date",
              "Number Days Past Due",
              "Amount Due",
              "Authentication String",
              "Account Id",
              "Account Check Digit",
              "Total Amount Due",
              "Child Alert Type",
              "Alert ID",
              "Parent ID",
              "Alert Status",
              "Alert Result",
              "Terminal Check Point",
              "Date Alert Sent",
              "Time Alert Sent",
              "Time Zone",
              "Call Duration",
              "Transfer Result Indicator",
              "Transfer Phone Number",
              "Hold Duration",
              "Call Duration After Transfer",
              "Inbound Phone Number",
              "Attempt Number"
            ],
            "division_id": "5a8f02e1-9023-4ea2-bc31-70b21ac3e826",
            "email_columns": [],
            "id": "ae54128e-3c35-42b5-a6ac-58b1090edd8e",
            "name": "EUSA_HV_UAT_Ryan3",
            "phone_columns": [
              {
                "callable_time_column": "",
                "column_name": "Media Address",
                "type": "Daytime"
              }
            ],
            "preview_mode_accepted_values": null,
            "preview_mode_column_name": null,
            "zip_code_column_name": null
          },
          "sensitive_attributes": [],
          "private": "eyJzY2hlbWFfdmVyc2lvbiI6IjEifQ=="
        }
      ]
    },
    {
      "module": "module.jpercs001_migrateFromDev",
      "mode": "managed",
      "type": "genesyscloud_outbound_contact_list",
      "name": "EUSA_HighUse_Schedule",
      "provider": "provider[\"registry.terraform.io/mypurecloud/genesyscloud\"]",
      "instances": [
        {
          "schema_version": 1,
          "attributes": {
            "attempt_limit_id": null,
            "automatic_time_zone_mapping": true,
            "column_names": [
              "Client Id",
              "Alert Type",
              "Product Id",
              "Consumer Id",
              "Media Type",
              "Media Address",
              "Alert Hour Type Code",
              "Client Hour Type Code",
              "Customer First Name",
              "Customer Last Name",
              "Customer Address",
              "Customer City",
              "Customer State",
              "Customer Zip Code",
              "Last Payment Due Date",
              "Number Days Past Due",
              "Amount Due",
              "Authentication String",
              "Account Id",
              "Account Check Digit",
              "Total Amount Due",
              "Child Alert Type",
              "Alert ID",
              "Parent ID",
              "Alert Status",
              "Alert Result",
              "Terminal Check Point",
              "Date Alert Sent",
              "Time Alert Sent",
              "Time Zone",
              "Call Duration",
              "Transfer Result Indicator",
              "Transfer Phone Number",
              "Hold Duration",
              "Call Duration After Transfer",
              "Inbound Phone Number",
              "Attempt Number"
            ],
            "division_id": "5a8f02e1-9023-4ea2-bc31-70b21ac3e826",
            "email_columns": [],
            "id": "759fa072-ebd2-48d0-9ad7-52219fd4fffb",
            "name": "EUSA_HighUse_Schedule",
            "phone_columns": [
              {
                "callable_time_column": "",
                "column_name": "Media Address",
                "type": "Daytime"
              }
            ],
            "preview_mode_accepted_values": null,
            "preview_mode_column_name": null,
            "zip_code_column_name": null
          },
          "sensitive_attributes": [],
          "private": "eyJzY2hlbWFfdmVyc2lvbiI6IjEifQ=="
        }
      ]
    },
    {
      "module": "module.jpercs001_migrateFromDev",
      "mode": "managed",
      "type": "genesyscloud_outbound_contact_list",
      "name": "EUSA_TestMW_CL__Sly_3465206803",
      "provider": "provider[\"registry.terraform.io/mypurecloud/genesyscloud\"]",
      "instances": [
        {
          "schema_version": 1,
          "attributes": {
            "attempt_limit_id": null,
            "automatic_time_zone_mapping": true,
            "column_names": [
              "Client Id",
              "Alert Type",
              "Product Id",
              "Consumer Id",
              "Media Type",
              "Media Address",
              "Alert Hour Type Code",
              "Client Hour Type Code",
              "Customer First Name",
              "Customer Last Name",
              "Customer Address",
              "Customer City",
              "Customer State",
              "Customer Zip Code",
              "Last Payment Due Date",
              "Number Days Past Due",
              "Amount Due",
              "Authentication String",
              "Account Id",
              "Account Check Digit",
              "Total Amount Due",
              "Child Alert Type",
              "Alert ID",
              "Parent ID",
              "Alert Status",
              "Alert Result",
              "Terminal Check Point",
              "Date Alert Sent",
              "Time Alert Sent",
              "Time Zone",
              "Call Duration",
              "Transfer Result Indicator",
              "Transfer Phone Number",
              "Hold Duration",
              "Call Duration After Transfer",
              "Inbound Phone Number",
              "Attempt Number"
            ],
            "division_id": "5a8f02e1-9023-4ea2-bc31-70b21ac3e826",
            "email_columns": [],
            "id": "b21d3656-9491-46f2-ae06-bcb7137d08ab",
            "name": "EUSA_TestMW(CL)_Sly",
            "phone_columns": [
              {
                "callable_time_column": "",
                "column_name": "Media Address",
                "type": "Daytime"
              }
            ],
            "preview_mode_accepted_values": null,
            "preview_mode_column_name": null,
            "zip_code_column_name": null
          },
          "sensitive_attributes": [],
          "private": "eyJzY2hlbWFfdmVyc2lvbiI6IjEifQ=="
        }
      ]
    },
    {
      "module": "module.jpercs001_migrateFromDev",
      "mode": "managed",
      "type": "genesyscloud_outbound_contact_list",
      "name": "EUSA_TestMW_CO__Sly_479921762",
      "provider": "provider[\"registry.terraform.io/mypurecloud/genesyscloud\"]",
      "instances": [
        {
          "schema_version": 1,
          "attributes": {
            "attempt_limit_id": null,
            "automatic_time_zone_mapping": false,
            "column_names": [
              "Client Id",
              "Alert Type",
              "Product Id",
              "Consumer Id",
              "Media Type",
              "Media Address",
              "Alert Hour Type Code",
              "Client Hour Type Code",
              "Customer First Name",
              "Customer Last Name",
              "Customer Address",
              "Customer City",
              "Customer State",
              "Customer Zip Code",
              "Last Payment Due Date",
              "Number Days Past Due",
              "Amount Due",
              "Authentication String",
              "Account Id",
              "Account Check Digit",
              "Total Amount Due",
              "Child Alert Type",
              "Alert ID",
              "Parent ID",
              "Alert Status",
              "Alert Result",
              "Terminal Check Point",
              "Date Alert Sent",
              "Time Alert Sent",
              "Time Zone",
              "Call Duration",
              "Transfer Result Indicator",
              "Transfer Phone Number",
              "Hold Duration",
              "Call Duration After Transfer",
              "Inbound Phone Number",
              "Attempt Number"
            ],
            "division_id": "5a8f02e1-9023-4ea2-bc31-70b21ac3e826",
            "email_columns": [],
            "id": "aac957be-3c3d-445d-bf5f-e40407b93aba",
            "name": "EUSA_TestMW(CO)_Sly",
            "phone_columns": [
              {
                "callable_time_column": "",
                "column_name": "Media Address",
                "type": "Daytime"
              }
            ],
            "preview_mode_accepted_values": null,
            "preview_mode_column_name": null,
            "zip_code_column_name": null
          },
          "sensitive_attributes": [],
          "private": "eyJzY2hlbWFfdmVyc2lvbiI6IjEifQ=="
        }
      ]
    },
    {
      "module": "module.jpercs001_migrateFromDev",
      "mode": "managed",
      "type": "genesyscloud_outbound_contact_list",
      "name": "EUSA_ZeroContacts",
      "provider": "provider[\"registry.terraform.io/mypurecloud/genesyscloud\"]",
      "instances": [
        {
          "schema_version": 1,
          "attributes": {
            "attempt_limit_id": null,
            "automatic_time_zone_mapping": true,
            "column_names": [
              "Client Id",
              "Alert Type",
              "Product Id",
              "Consumer Id",
              "Media Type",
              "Media Address",
              "Alert Hour Type Code",
              "Client Hour Type Code",
              "Customer First Name",
              "Customer Last Name",
              "Customer Address",
              "Customer City",
              "Customer State",
              "Customer Zip Code",
              "Last Payment Due Date",
              "Number Days Past Due",
              "Amount Due",
              "Authentication String",
              "Account Id",
              "Account Check Digit",
              "Total Amount Due",
              "Child Alert Type",
              "Alert ID",
              "Parent ID",
              "Alert Status",
              "Alert Result",
              "Terminal Check Point",
              "Date Alert Sent",
              "Time Alert Sent",
              "Time Zone",
              "Call Duration",
              "Transfer Result Indicator",
              "Transfer Phone Number",
              "Hold Duration",
              "Call Duration After Transfer",
              "Inbound Phone Number",
              "Attempt Number"
            ],
            "division_id": "5a8f02e1-9023-4ea2-bc31-70b21ac3e826",
            "email_columns": [],
            "id": "58043729-f79d-4d87-b46c-899bed1f0b3f",
            "name": "EUSA_ZeroContacts",
            "phone_columns": [
              {
                "callable_time_column": "",
                "column_name": "Media Address",
                "type": "Daytime"
              }
            ],
            "preview_mode_accepted_values": null,
            "preview_mode_column_name": null,
            "zip_code_column_name": null
          },
          "sensitive_attributes": [],
          "private": "eyJzY2hlbWFfdmVyc2lvbiI6IjEifQ=="
        }
      ]
    },
    {
      "module": "module.jpercs001_migrateFromDev",
      "mode": "managed",
      "type": "genesyscloud_outbound_contact_list",
      "name": "JPT_-_HighWater_-_Contact_List_3223492868",
      "provider": "provider[\"registry.terraform.io/mypurecloud/genesyscloud\"]",
      "instances": [
        {
          "schema_version": 1,
          "attributes": {
            "attempt_limit_id": null,
            "automatic_time_zone_mapping": true,
            "column_names": [
              "Client Id",
              "Alert Type",
              "Product Id",
              "Consumer Id(Account/Premise ID/Balance)",
              "Media Type",
              "Media Address",
              "Alert Hour Type Code",
              "Client Hour Type Code",
              "Customer First Name",
              "Customer Last Name",
              "Customer Address",
              "Customer City",
              "Customer State",
              "Customer Zip Code",
              "Last Payment Due Date",
              "Number Days Past Due",
              "Amount Due",
              "Authentication String",
              "Account Id",
              "Account Check Digit",
              "Total Amount Due",
              "Child Alert Type",
              "Alert ID",
              "Parent ID",
              "Alert Status",
              "Alert Result",
              "Terminal Check Point",
              "Date Alert Sent",
              "Time Alert Sent",
              "Time Zone",
              "Call Duration",
              "Transfer Result Indicator",
              "Transfer Phone Number",
              "Hold Duration",
              "Call Duration After Transfer",
              "Inbound Phone Number",
              "Attempt Number"
            ],
            "division_id": "5a8f02e1-9023-4ea2-bc31-70b21ac3e826",
            "email_columns": [],
            "id": "345b6d02-d924-4443-a8c3-5662cf4533af",
            "name": "JPT - HighWater - Contact List",
            "phone_columns": [
              {
                "callable_time_column": "",
                "column_name": "Media Address",
                "type": "Daytime"
              }
            ],
            "preview_mode_accepted_values": null,
            "preview_mode_column_name": null,
            "zip_code_column_name": "Customer Zip Code"
          },
          "sensitive_attributes": [],
          "private": "eyJzY2hlbWFfdmVyc2lvbiI6IjEifQ=="
        }
      ]
    },
    {
      "module": "module.jpercs001_migrateFromDev",
      "mode": "managed",
      "type": "genesyscloud_outbound_ruleset",
      "name": "EUSA_-_Do_not_dial_action_1341883758",
      "provider": "provider[\"registry.terraform.io/mypurecloud/genesyscloud\"]",
      "instances": [
        {
          "schema_version": 1,
          "attributes": {
            "contact_list_id": null,
            "id": "e604ba5b-f09f-49bd-ae35-ea766ad07e43",
            "name": "EUSA - Do not dial action",
            "queue_id": null,
            "rules": [
              {
                "actions": [
                  {
                    "action_type_name": "DO_NOT_DIAL",
                    "agent_wrapup_field": "",
                    "call_analysis_result_field": "",
                    "contact_column_to_data_action_field_mappings": [],
                    "contact_id_field": "",
                    "data_action_id": "",
                    "properties": {
                      "Action": "DO_NOT_DIAL"
                    },
                    "type": "Action",
                    "update_option": ""
                  }
                ],
                "category": "DIALER_PRECALL",
                "conditions": [
                  {
                    "agent_wrapup_field": "",
                    "attribute_name": "",
                    "call_analysis_result_field": "",
                    "codes": [],
                    "contact_column_to_data_action_field_mappings": [],
                    "contact_id_field": "",
                    "data_action_id": "",
                    "data_not_found_resolution": false,
                    "inverted": false,
                    "operator": "EQUALS",
                    "predicates": [],
                    "property": "",
                    "property_type": "",
                    "type": "phoneNumberCondition",
                    "value": "5877848402",
                    "value_type": ""
                  }
                ],
                "name": "Do not call action",
                "order": 0
              }
            ]
          },
          "sensitive_attributes": [],
          "private": "eyJzY2hlbWFfdmVyc2lvbiI6IjEifQ=="
        }
      ]
    },
    {
      "module": "module.jpercs001_migrateFromDev",
      "mode": "managed",
      "type": "genesyscloud_outbound_ruleset",
      "name": "EUSA_-_Mark_Contact_as_Uncallable_1726952288",
      "provider": "provider[\"registry.terraform.io/mypurecloud/genesyscloud\"]",
      "instances": [
        {
          "schema_version": 1,
          "attributes": {
            "contact_list_id": null,
            "id": "08d42d1e-7a29-4ea9-8ec2-f0195513eaca",
            "name": "EUSA - Mark Contact as Uncallable",
            "queue_id": null,
            "rules": [
              {
                "actions": [
                  {
                    "action_type_name": "CONTACT_UNCALLABLE",
                    "agent_wrapup_field": "",
                    "call_analysis_result_field": "",
                    "contact_column_to_data_action_field_mappings": [],
                    "contact_id_field": "",
                    "data_action_id": "",
                    "properties": {
                      "Action": "CONTACT_UNCALLABLE"
                    },
                    "type": "Action",
                    "update_option": ""
                  }
                ],
                "category": "DIALER_PRECALL",
                "conditions": [
                  {
                    "agent_wrapup_field": "",
                    "attribute_name": "",
                    "call_analysis_result_field": "",
                    "codes": [],
                    "contact_column_to_data_action_field_mappings": [],
                    "contact_id_field": "",
                    "data_action_id": "",
                    "data_not_found_resolution": false,
                    "inverted": false,
                    "operator": "EQUALS",
                    "predicates": [],
                    "property": "",
                    "property_type": "",
                    "type": "phoneNumberCondition",
                    "value": "7802034787",
                    "value_type": ""
                  }
                ],
                "name": "Mark Contact as Uncallable",
                "order": 0
              }
            ]
          },
          "sensitive_attributes": [],
          "private": "eyJzY2hlbWFfdmVyc2lvbiI6IjEifQ=="
        }
      ]
    },
    {
      "module": "module.jpercs001_migrateFromDev",
      "mode": "managed",
      "type": "genesyscloud_outbound_ruleset",
      "name": "EUSA_-_Mark_Number_as_Uncallable_2981339257",
      "provider": "provider[\"registry.terraform.io/mypurecloud/genesyscloud\"]",
      "instances": [
        {
          "schema_version": 1,
          "attributes": {
            "contact_list_id": null,
            "id": "6b510299-724f-4e43-9b34-139e271afe95",
            "name": "EUSA - Mark Number as Uncallable",
            "queue_id": null,
            "rules": [
              {
                "actions": [
                  {
                    "action_type_name": "NUMBER_UNCALLABLE",
                    "agent_wrapup_field": "",
                    "call_analysis_result_field": "",
                    "contact_column_to_data_action_field_mappings": [],
                    "contact_id_field": "",
                    "data_action_id": "",
                    "properties": {
                      "Action": "NUMBER_UNCALLABLE"
                    },
                    "type": "Action",
                    "update_option": ""
                  }
                ],
                "category": "DIALER_PRECALL",
                "conditions": [
                  {
                    "agent_wrapup_field": "",
                    "attribute_name": "Media Address",
                    "call_analysis_result_field": "",
                    "codes": [],
                    "contact_column_to_data_action_field_mappings": [],
                    "contact_id_field": "",
                    "data_action_id": "",
                    "data_not_found_resolution": false,
                    "inverted": false,
                    "operator": "EQUALS",
                    "predicates": [],
                    "property": "",
                    "property_type": "",
                    "type": "contactAttributeCondition",
                    "value": "7806199786",
                    "value_type": "STRING"
                  }
                ],
                "name": "Mark Number as Uncallable",
                "order": 0
              }
            ]
          },
          "sensitive_attributes": [],
          "private": "eyJzY2hlbWFfdmVyc2lvbiI6IjEifQ=="
        }
      ]
    },
    {
      "module": "module.jpercs001_migrateFromDev",
      "mode": "managed",
      "type": "genesyscloud_outbound_ruleset",
      "name": "EUSA_-__BLANKS_2623744615",
      "provider": "provider[\"registry.terraform.io/mypurecloud/genesyscloud\"]",
      "instances": [
        {
          "schema_version": 1,
          "attributes": {
            "contact_list_id": "345b6d02-d924-4443-a8c3-5662cf4533af",
            "id": "582aaf8e-51e1-4179-9a1f-d10e50472a5f",
            "name": "EUSA -  BLANKS",
            "queue_id": null,
            "rules": [
              {
                "actions": [
                  {
                    "action_type_name": "MODIFY_CONTACT_ATTRIBUTE",
                    "agent_wrapup_field": "",
                    "call_analysis_result_field": "",
                    "contact_column_to_data_action_field_mappings": [],
                    "contact_id_field": "",
                    "data_action_id": "",
                    "properties": {
                      "Child Alert Type": "O"
                    },
                    "type": "modifyContactAttribute",
                    "update_option": "SET"
                  }
                ],
                "category": "DIALER_WRAPUP",
                "conditions": [
                  {
                    "agent_wrapup_field": "",
                    "attribute_name": "",
                    "call_analysis_result_field": "",
                    "codes": [],
                    "contact_column_to_data_action_field_mappings": [],
                    "contact_id_field": "",
                    "data_action_id": "",
                    "data_not_found_resolution": false,
                    "inverted": false,
                    "operator": "EQUALS",
                    "predicates": [],
                    "property": "",
                    "property_type": "",
                    "type": "phoneNumberTypeCondition",
                    "value": "Daytime",
                    "value_type": ""
                  }
                ],
                "name": "Child Alert Type",
                "order": 0
              },
              {
                "actions": [
                  {
                    "action_type_name": "MODIFY_CONTACT_ATTRIBUTE",
                    "agent_wrapup_field": "",
                    "call_analysis_result_field": "",
                    "contact_column_to_data_action_field_mappings": [],
                    "contact_id_field": "",
                    "data_action_id": "",
                    "properties": {
                      "Date Alert Sent": "Current Time when Action Taken"
                    },
                    "type": "modifyContactAttribute",
                    "update_option": "CURRENT_TIME"
                  },
                  {
                    "action_type_name": "MODIFY_CONTACT_ATTRIBUTE",
                    "agent_wrapup_field": "",
                    "call_analysis_result_field": "",
                    "contact_column_to_data_action_field_mappings": [],
                    "contact_id_field": "",
                    "data_action_id": "",
                    "properties": {
                      "Time Alert Sent": "Current Time when Action Taken"
                    },
                    "type": "modifyContactAttribute",
                    "update_option": "CURRENT_TIME"
                  }
                ],
                "category": "DIALER_WRAPUP",
                "conditions": [
                  {
                    "agent_wrapup_field": "",
                    "attribute_name": "",
                    "call_analysis_result_field": "",
                    "codes": [],
                    "contact_column_to_data_action_field_mappings": [],
                    "contact_id_field": "",
                    "data_action_id": "",
                    "data_not_found_resolution": false,
                    "inverted": false,
                    "operator": "EQUALS",
                    "predicates": [],
                    "property": "",
                    "property_type": "",
                    "type": "phoneNumberTypeCondition",
                    "value": "Daytime",
                    "value_type": ""
                  }
                ],
                "name": "Date and Time Alert Sent",
                "order": 1
              },
              {
                "actions": [
                  {
                    "action_type_name": "MODIFY_CONTACT_ATTRIBUTE",
                    "agent_wrapup_field": "",
                    "call_analysis_result_field": "",
                    "contact_column_to_data_action_field_mappings": [],
                    "contact_id_field": "",
                    "data_action_id": "",
                    "properties": {
                      "Transfer Result Indicator": "N"
                    },
                    "type": "modifyContactAttribute",
                    "update_option": "SET"
                  }
                ],
                "category": "DIALER_WRAPUP",
                "conditions": [
                  {
                    "agent_wrapup_field": "",
                    "attribute_name": "",
                    "call_analysis_result_field": "",
                    "codes": [],
                    "contact_column_to_data_action_field_mappings": [],
                    "contact_id_field": "",
                    "data_action_id": "",
                    "data_not_found_resolution": false,
                    "inverted": false,
                    "operator": "EQUALS",
                    "predicates": [],
                    "property": "",
                    "property_type": "",
                    "type": "phoneNumberTypeCondition",
                    "value": "Daytime",
                    "value_type": ""
                  }
                ],
                "name": "Transfer Result Indicator",
                "order": 2
              },
              {
                "actions": [
                  {
                    "action_type_name": "MODIFY_CONTACT_ATTRIBUTE",
                    "agent_wrapup_field": "",
                    "call_analysis_result_field": "",
                    "contact_column_to_data_action_field_mappings": [],
                    "contact_id_field": "",
                    "data_action_id": "",
                    "properties": {
                      "Transfer Phone Number": "0"
                    },
                    "type": "modifyContactAttribute",
                    "update_option": "SET"
                  },
                  {
                    "action_type_name": "MODIFY_CONTACT_ATTRIBUTE",
                    "agent_wrapup_field": "",
                    "call_analysis_result_field": "",
                    "contact_column_to_data_action_field_mappings": [],
                    "contact_id_field": "",
                    "data_action_id": "",
                    "properties": {
                      "Hold Duration": "0"
                    },
                    "type": "modifyContactAttribute",
                    "update_option": "SET"
                  },
                  {
                    "action_type_name": "MODIFY_CONTACT_ATTRIBUTE",
                    "agent_wrapup_field": "",
                    "call_analysis_result_field": "",
                    "contact_column_to_data_action_field_mappings": [],
                    "contact_id_field": "",
                    "data_action_id": "",
                    "properties": {
                      "Call Duration After Transfer": "0"
                    },
                    "type": "modifyContactAttribute",
                    "update_option": "SET"
                  },
                  {
                    "action_type_name": "MODIFY_CONTACT_ATTRIBUTE",
                    "agent_wrapup_field": "",
                    "call_analysis_result_field": "",
                    "contact_column_to_data_action_field_mappings": [],
                    "contact_id_field": "",
                    "data_action_id": "",
                    "properties": {
                      "Inbound Phone Number": "0"
                    },
                    "type": "modifyContactAttribute",
                    "update_option": "SET"
                  }
                ],
                "category": "DIALER_WRAPUP",
                "conditions": [
                  {
                    "agent_wrapup_field": "",
                    "attribute_name": "",
                    "call_analysis_result_field": "",
                    "codes": [],
                    "contact_column_to_data_action_field_mappings": [],
                    "contact_id_field": "",
                    "data_action_id": "",
                    "data_not_found_resolution": false,
                    "inverted": false,
                    "operator": "EQUALS",
                    "predicates": [],
                    "property": "",
                    "property_type": "",
                    "type": "phoneNumberTypeCondition",
                    "value": "Daytime",
                    "value_type": ""
                  }
                ],
                "name": "Zero Fills",
                "order": 3
              }
            ]
          },
          "sensitive_attributes": [],
          "private": "eyJzY2hlbWFfdmVyc2lvbiI6IjEifQ==",
          "dependencies": [
            "module.jpercs001_migrateFromDev.genesyscloud_outbound_contact_list.JPT_-_HighWater_-_Contact_List_3223492868"
          ]
        }
      ]
    },
    {
      "module": "module.jpercs001_migrateFromDev",
      "mode": "managed",
      "type": "genesyscloud_outbound_ruleset",
      "name": "Test_JO_1920720014",
      "provider": "provider[\"registry.terraform.io/mypurecloud/genesyscloud\"]",
      "instances": [
        {
          "schema_version": 1,
          "attributes": {
            "contact_list_id": null,
            "id": "13e92afe-6b49-4161-a856-4131de98c5af",
            "name": "Test JO",
            "queue_id": null,
            "rules": []
          },
          "sensitive_attributes": [],
          "private": "eyJzY2hlbWFfdmVyc2lvbiI6IjEifQ=="
        }
      ]
    },
    {
      "module": "module.jpercs001_migrateFromDev",
      "mode": "managed",
      "type": "genesyscloud_outbound_settings",
      "name": "outbound_settings",
      "provider": "provider[\"registry.terraform.io/mypurecloud/genesyscloud\"]",
      "instances": [
        {
          "schema_version": 1,
          "attributes": {
            "abandon_seconds": null,
            "automatic_time_zone_mapping": [],
            "compliance_abandon_rate_denominator": null,
            "id": "settings",
            "max_calls_per_agent": null,
            "max_line_utilization": null
          },
          "sensitive_attributes": [],
          "private": "eyJzY2hlbWFfdmVyc2lvbiI6IjEifQ=="
        }
      ]
    }
  ],
  "check_results": null
}
